hash: eba1b7be07bfbee29cab4638a6c5118233a69c9e7eabdf73a7caeabbb8b1478c
updated: 2018-10-15T18:58:52.962274889+08:00
imports:
- name: github.com/gin-gonic/gin
  version: b869fe1415e4b9eb52f247441830d502aece2d4d
- name: github.com/jinzhu/gorm
  version: 6ed508ec6a4ecb3531899a69cbc746ccf65a4166
testImports: []
